
Microsoft Visual Studio Solution File, Format Version 12.00
# Visual Studio Version 17
VisualStudioVersion = 17.2.32516.85
MinimumVisualStudioVersion = 10.0.40219.1
Project("{9A19103F-16F7-4668-BE54-9A1E7A4F7556}") = "SGDApi", "SGDApi\SGDApi.csproj", "{C95B4485-F10B-4E5F-AE58-3C093DB0F34E}"
EndProject
Project("{FAE04EC0-301F-11D3-BF4B-00C04F79EFBC}") = "SGDApp", "SGDApp\SGDApp.csproj", "{F7A90055-57AD-430F-B6F6-E922B2BE0187}"
EndProject
Global
	GlobalSection(SolutionConfigurationPlatforms) = preSolution
		Debug|Any CPU = Debug|Any CPU
		Release|Any CPU = Release|Any CPU
	EndGlobalSection
	GlobalSection(ProjectConfigurationPlatforms) = postSolution
		{C95B4485-F10B-4E5F-AE58-3C093DB0F34E}.Debug|Any CPU.ActiveCfg = Debug|Any CPU
		{C95B4485-F10B-4E5F-AE58-3C093DB0F34E}.Debug|Any CPU.Build.0 = Debug|Any CPU
		{C95B4485-F10B-4E5F-AE58-3C093DB0F34E}.Release|Any CPU.ActiveCfg = Release|Any CPU
		{C95B4485-F10B-4E5F-AE58-3C093DB0F34E}.Release|Any CPU.Build.0 = Release|Any CPU
		{F7A90055-57AD-430F-B6F6-E922B2BE0187}.Debug|Any CPU.ActiveCfg = Debug|Any CPU
		{F7A90055-57AD-430F-B6F6-E922B2BE0187}.Debug|Any CPU.Build.0 = Debug|Any CPU
		{F7A90055-57AD-430F-B6F6-E922B2BE0187}.Release|Any CPU.ActiveCfg = Release|Any CPU
		{F7A90055-57AD-430F-B6F6-E922B2BE0187}.Release|Any CPU.Build.0 = Release|Any CPU
	EndGlobalSection
	GlobalSection(SolutionProperties) = preSolution
		HideSolutionNode = FALSE
	EndGlobalSection
	GlobalSection(ExtensibilityGlobals) = postSolution
		SolutionGuid = {562130D4-CBC2-48CB-97C1-4E21703DFBD2}
	EndGlobalSection
EndGlobal
